
Microsoft Visual Studio Solution File, Format Version 12.00
# Visual Studio 15
VisualStudioVersion = 15.0.25807.0
MinimumVisualStudioVersion = 10.0.40219.1
Project("{2150E333-8FDC-42A3-9474-1A3956D46DE8}") = "Engine", "Engine", "{DDA592F0-F473-4099-BA5E-D6A6EFD9E586}"
EndProject
Project("{2150E333-8FDC-42A3-9474-1A3956D46DE8}") = "Games", "Games", "{A9C892FF-5C0B-414E-B8C3-D671022F97A6}"
EndProject
Project("{8BC9CEB8-8B4A-11D0-8D11-00A0C91BC942}") = "UE4", "Intermediate\ProjectFiles\UE4.vcxproj", "{C1BF4EC8-9D51-4915-BB0E-4C9A57F80463}"
EndProject
Project("{8BC9CEB8-8B4A-11D0-8D11-00A0C91BC942}") = "TMMB_PROJECT", "Intermediate\ProjectFiles\TMMB_PROJECT.vcxproj", "{85CE900D-08F1-446F-B743-51FA7BA8C325}"
EndProject
Project("{2150E333-8FDC-42A3-9474-1A3956D46DE8}") = "Visualizers", "Visualizers", "{BD499D36-F8B2-4B2C-845A-FF1A9B616D1C}"
	ProjectSection(SolutionItems) = preProject
		..\..\..\..\..\..\Program Files\Epic Games\UE_4.21\Engine\Extras\VisualStudioDebugging\UE4.natvis = ..\..\..\..\..\..\Program Files\Epic Games\UE_4.21\Engine\Extras\VisualStudioDebugging\UE4.natvis
	EndProjectSection
EndProject
Global
	GlobalSection(SolutionConfigurationPlatforms) = preSolution
		DebugGame Editor|HTML5 = DebugGame Editor|HTML5
		DebugGame Editor|Win32 = DebugGame Editor|Win32
		DebugGame Editor|Win64 = DebugGame Editor|Win64
		DebugGame|HTML5 = DebugGame|HTML5
		DebugGame|Win32 = DebugGame|Win32
		DebugGame|Win64 = DebugGame|Win64
		Development Editor|HTML5 = Development Editor|HTML5
		Development Editor|Win32 = Development Editor|Win32
		Development Editor|Win64 = Development Editor|Win64
		Development|HTML5 = Development|HTML5
		Development|Win32 = Development|Win32
		Development|Win64 = Development|Win64
		Shipping|HTML5 = Shipping|HTML5
		Shipping|Win32 = Shipping|Win32
		Shipping|Win64 = Shipping|Win64
	EndGlobalSection
	GlobalSection(ProjectConfigurationPlatforms) = postSolution
		{C1BF4EC8-9D51-4915-BB0E-4C9A57F80463}.DebugGame Editor|HTML5.ActiveCfg = BuiltWithUnrealBuildTool|Win32
		{C1BF4EC8-9D51-4915-BB0E-4C9A57F80463}.DebugGame Editor|Win32.ActiveCfg = BuiltWithUnrealBuildTool|Win32
		{C1BF4EC8-9D51-4915-BB0E-4C9A57F80463}.DebugGame Editor|Win64.ActiveCfg = BuiltWithUnrealBuildTool|Win32
		{C1BF4EC8-9D51-4915-BB0E-4C9A57F80463}.DebugGame|HTML5.ActiveCfg = BuiltWithUnrealBuildTool|Win32
		{C1BF4EC8-9D51-4915-BB0E-4C9A57F80463}.DebugGame|Win32.ActiveCfg = BuiltWithUnrealBuildTool|Win32
		{C1BF4EC8-9D51-4915-BB0E-4C9A57F80463}.DebugGame|Win64.ActiveCfg = BuiltWithUnrealBuildTool|Win32
		{C1BF4EC8-9D51-4915-BB0E-4C9A57F80463}.Development Editor|HTML5.ActiveCfg = BuiltWithUnrealBuildTool|Win32
		{C1BF4EC8-9D51-4915-BB0E-4C9A57F80463}.Development Editor|Win32.ActiveCfg = BuiltWithUnrealBuildTool|Win32
		{C1BF4EC8-9D51-4915-BB0E-4C9A57F80463}.Development Editor|Win64.ActiveCfg = BuiltWithUnrealBuildTool|Win32
		{C1BF4EC8-9D51-4915-BB0E-4C9A57F80463}.Development|HTML5.ActiveCfg = BuiltWithUnrealBuildTool|Win32
		{C1BF4EC8-9D51-4915-BB0E-4C9A57F80463}.Development|Win32.ActiveCfg = BuiltWithUnrealBuildTool|Win32
		{C1BF4EC8-9D51-4915-BB0E-4C9A57F80463}.Development|Win64.ActiveCfg = BuiltWithUnrealBuildTool|Win32
		{C1BF4EC8-9D51-4915-BB0E-4C9A57F80463}.Shipping|HTML5.ActiveCfg = BuiltWithUnrealBuildTool|Win32
		{C1BF4EC8-9D51-4915-BB0E-4C9A57F80463}.Shipping|Win32.ActiveCfg = BuiltWithUnrealBuildTool|Win32
		{C1BF4EC8-9D51-4915-BB0E-4C9A57F80463}.Shipping|Win64.ActiveCfg = BuiltWithUnrealBuildTool|Win32
		{85CE900D-08F1-446F-B743-51FA7BA8C325}.DebugGame Editor|HTML5.ActiveCfg = Invalid|Win32
		{85CE900D-08F1-446F-B743-51FA7BA8C325}.DebugGame Editor|Win32.ActiveCfg = Invalid|Win32
		{85CE900D-08F1-446F-B743-51FA7BA8C325}.DebugGame Editor|Win64.ActiveCfg = DebugGame_Editor|x64
		{85CE900D-08F1-446F-B743-51FA7BA8C325}.DebugGame Editor|Win64.Build.0 = DebugGame_Editor|x64
		{85CE900D-08F1-446F-B743-51FA7BA8C325}.DebugGame|HTML5.ActiveCfg = HTML5_DebugGame|Win32
		{85CE900D-08F1-446F-B743-51FA7BA8C325}.DebugGame|HTML5.Build.0 = HTML5_DebugGame|Win32
		{85CE900D-08F1-446F-B743-51FA7BA8C325}.DebugGame|Win32.ActiveCfg = DebugGame|Win32
		{85CE900D-08F1-446F-B743-51FA7BA8C325}.DebugGame|Win32.Build.0 = DebugGame|Win32
		{85CE900D-08F1-446F-B743-51FA7BA8C325}.DebugGame|Win64.ActiveCfg = DebugGame|x64
		{85CE900D-08F1-446F-B743-51FA7BA8C325}.DebugGame|Win64.Build.0 = DebugGame|x64
		{85CE900D-08F1-446F-B743-51FA7BA8C325}.Development Editor|HTML5.ActiveCfg = Invalid|Win32
		{85CE900D-08F1-446F-B743-51FA7BA8C325}.Development Editor|Win32.ActiveCfg = Invalid|Win32
		{85CE900D-08F1-446F-B743-51FA7BA8C325}.Development Editor|Win64.ActiveCfg = Development_Editor|x64
		{85CE900D-08F1-446F-B743-51FA7BA8C325}.Development Editor|Win64.Build.0 = Development_Editor|x64
		{85CE900D-08F1-446F-B743-51FA7BA8C325}.Development|HTML5.ActiveCfg = HTML5_Development|Win32
		{85CE900D-08F1-446F-B743-51FA7BA8C325}.Development|HTML5.Build.0 = HTML5_Development|Win32
		{85CE900D-08F1-446F-B743-51FA7BA8C325}.Development|Win32.ActiveCfg = Development|Win32
		{85CE900D-08F1-446F-B743-51FA7BA8C325}.Development|Win32.Build.0 = Development|Win32
		{85CE900D-08F1-446F-B743-51FA7BA8C325}.Development|Win64.ActiveCfg = Development|x64
		{85CE900D-08F1-446F-B743-51FA7BA8C325}.Development|Win64.Build.0 = Development|x64
		{85CE900D-08F1-446F-B743-51FA7BA8C325}.Shipping|HTML5.ActiveCfg = HTML5_Shipping|Win32
		{85CE900D-08F1-446F-B743-51FA7BA8C325}.Shipping|HTML5.Build.0 = HTML5_Shipping|Win32
		{85CE900D-08F1-446F-B743-51FA7BA8C325}.Shipping|Win32.ActiveCfg = Shipping|Win32
		{85CE900D-08F1-446F-B743-51FA7BA8C325}.Shipping|Win32.Build.0 = Shipping|Win32
		{85CE900D-08F1-446F-B743-51FA7BA8C325}.Shipping|Win64.ActiveCfg = Shipping|x64
		{85CE900D-08F1-446F-B743-51FA7BA8C325}.Shipping|Win64.Build.0 = Shipping|x64
	EndGlobalSection
	GlobalSection(SolutionProperties) = preSolution
		HideSolutionNode = FALSE
	EndGlobalSection
	GlobalSection(NestedProjects) = preSolution
		{C1BF4EC8-9D51-4915-BB0E-4C9A57F80463} = {DDA592F0-F473-4099-BA5E-D6A6EFD9E586}
		{85CE900D-08F1-446F-B743-51FA7BA8C325} = {A9C892FF-5C0B-414E-B8C3-D671022F97A6}
	EndGlobalSection
EndGlobal
