
Microsoft Visual Studio Solution File, Format Version 12.00
# Visual Studio 15
VisualStudioVersion = 15.0.25807.0
MinimumVisualStudioVersion = 10.0.40219.1
Project("{2150E333-8FDC-42A3-9474-1A3956D46DE8}") = "Engine", "Engine", "{9C7983BC-B6CF-4CD1-9DB1-F3B4ED77DE65}"
EndProject
Project("{2150E333-8FDC-42A3-9474-1A3956D46DE8}") = "Games", "Games", "{B8C61C31-EF5D-43EF-BBD3-3DBA254D8605}"
EndProject
Project("{8BC9CEB8-8B4A-11D0-8D11-00A0C91BC942}") = "UE4", "Intermediate\ProjectFiles\UE4.vcxproj", "{9C43E262-3F7D-45D6-A5AD-69870B0728ED}"
EndProject
Project("{8BC9CEB8-8B4A-11D0-8D11-00A0C91BC942}") = "TMMB_PROJECT", "Intermediate\ProjectFiles\TMMB_PROJECT.vcxproj", "{D289189E-F2C9-4176-B793-03478149D0EA}"
EndProject
Project("{2150E333-8FDC-42A3-9474-1A3956D46DE8}") = "Visualizers", "Visualizers", "{ED80C9BB-F35C-47CE-9C12-F802EC23109D}"
	ProjectSection(SolutionItems) = preProject
		..\..\..\..\..\..\Program Files\Epic Games\UE_4.21\Engine\Extras\VisualStudioDebugging\UE4.natvis = ..\..\..\..\..\..\Program Files\Epic Games\UE_4.21\Engine\Extras\VisualStudioDebugging\UE4.natvis
	EndProjectSection
EndProject
Global
	GlobalSection(SolutionConfigurationPlatforms) = preSolution
		DebugGame Editor|HTML5 = DebugGame Editor|HTML5
		DebugGame Editor|Win32 = DebugGame Editor|Win32
		DebugGame Editor|Win64 = DebugGame Editor|Win64
		DebugGame|HTML5 = DebugGame|HTML5
		DebugGame|Win32 = DebugGame|Win32
		DebugGame|Win64 = DebugGame|Win64
		Development Editor|HTML5 = Development Editor|HTML5
		Development Editor|Win32 = Development Editor|Win32
		Development Editor|Win64 = Development Editor|Win64
		Development|HTML5 = Development|HTML5
		Development|Win32 = Development|Win32
		Development|Win64 = Development|Win64
		Shipping|HTML5 = Shipping|HTML5
		Shipping|Win32 = Shipping|Win32
		Shipping|Win64 = Shipping|Win64
	EndGlobalSection
	GlobalSection(ProjectConfigurationPlatforms) = postSolution
		{9C43E262-3F7D-45D6-A5AD-69870B0728ED}.DebugGame Editor|HTML5.ActiveCfg = BuiltWithUnrealBuildTool|Win32
		{9C43E262-3F7D-45D6-A5AD-69870B0728ED}.DebugGame Editor|Win32.ActiveCfg = BuiltWithUnrealBuildTool|Win32
		{9C43E262-3F7D-45D6-A5AD-69870B0728ED}.DebugGame Editor|Win64.ActiveCfg = BuiltWithUnrealBuildTool|Win32
		{9C43E262-3F7D-45D6-A5AD-69870B0728ED}.DebugGame|HTML5.ActiveCfg = BuiltWithUnrealBuildTool|Win32
		{9C43E262-3F7D-45D6-A5AD-69870B0728ED}.DebugGame|Win32.ActiveCfg = BuiltWithUnrealBuildTool|Win32
		{9C43E262-3F7D-45D6-A5AD-69870B0728ED}.DebugGame|Win64.ActiveCfg = BuiltWithUnrealBuildTool|Win32
		{9C43E262-3F7D-45D6-A5AD-69870B0728ED}.Development Editor|HTML5.ActiveCfg = BuiltWithUnrealBuildTool|Win32
		{9C43E262-3F7D-45D6-A5AD-69870B0728ED}.Development Editor|Win32.ActiveCfg = BuiltWithUnrealBuildTool|Win32
		{9C43E262-3F7D-45D6-A5AD-69870B0728ED}.Development Editor|Win64.ActiveCfg = BuiltWithUnrealBuildTool|Win32
		{9C43E262-3F7D-45D6-A5AD-69870B0728ED}.Development|HTML5.ActiveCfg = BuiltWithUnrealBuildTool|Win32
		{9C43E262-3F7D-45D6-A5AD-69870B0728ED}.Development|Win32.ActiveCfg = BuiltWithUnrealBuildTool|Win32
		{9C43E262-3F7D-45D6-A5AD-69870B0728ED}.Development|Win64.ActiveCfg = BuiltWithUnrealBuildTool|Win32
		{9C43E262-3F7D-45D6-A5AD-69870B0728ED}.Shipping|HTML5.ActiveCfg = BuiltWithUnrealBuildTool|Win32
		{9C43E262-3F7D-45D6-A5AD-69870B0728ED}.Shipping|Win32.ActiveCfg = BuiltWithUnrealBuildTool|Win32
		{9C43E262-3F7D-45D6-A5AD-69870B0728ED}.Shipping|Win64.ActiveCfg = BuiltWithUnrealBuildTool|Win32
		{D289189E-F2C9-4176-B793-03478149D0EA}.DebugGame Editor|HTML5.ActiveCfg = Invalid|Win32
		{D289189E-F2C9-4176-B793-03478149D0EA}.DebugGame Editor|Win32.ActiveCfg = Invalid|Win32
		{D289189E-F2C9-4176-B793-03478149D0EA}.DebugGame Editor|Win64.ActiveCfg = DebugGame_Editor|x64
		{D289189E-F2C9-4176-B793-03478149D0EA}.DebugGame Editor|Win64.Build.0 = DebugGame_Editor|x64
		{D289189E-F2C9-4176-B793-03478149D0EA}.DebugGame|HTML5.ActiveCfg = HTML5_DebugGame|Win32
		{D289189E-F2C9-4176-B793-03478149D0EA}.DebugGame|HTML5.Build.0 = HTML5_DebugGame|Win32
		{D289189E-F2C9-4176-B793-03478149D0EA}.DebugGame|Win32.ActiveCfg = DebugGame|Win32
		{D289189E-F2C9-4176-B793-03478149D0EA}.DebugGame|Win32.Build.0 = DebugGame|Win32
		{D289189E-F2C9-4176-B793-03478149D0EA}.DebugGame|Win64.ActiveCfg = DebugGame|x64
		{D289189E-F2C9-4176-B793-03478149D0EA}.DebugGame|Win64.Build.0 = DebugGame|x64
		{D289189E-F2C9-4176-B793-03478149D0EA}.Development Editor|HTML5.ActiveCfg = Invalid|Win32
		{D289189E-F2C9-4176-B793-03478149D0EA}.Development Editor|Win32.ActiveCfg = Invalid|Win32
		{D289189E-F2C9-4176-B793-03478149D0EA}.Development Editor|Win64.ActiveCfg = Development_Editor|x64
		{D289189E-F2C9-4176-B793-03478149D0EA}.Development Editor|Win64.Build.0 = Development_Editor|x64
		{D289189E-F2C9-4176-B793-03478149D0EA}.Development|HTML5.ActiveCfg = HTML5_Development|Win32
		{D289189E-F2C9-4176-B793-03478149D0EA}.Development|HTML5.Build.0 = HTML5_Development|Win32
		{D289189E-F2C9-4176-B793-03478149D0EA}.Development|Win32.ActiveCfg = Development|Win32
		{D289189E-F2C9-4176-B793-03478149D0EA}.Development|Win32.Build.0 = Development|Win32
		{D289189E-F2C9-4176-B793-03478149D0EA}.Development|Win64.ActiveCfg = Development|x64
		{D289189E-F2C9-4176-B793-03478149D0EA}.Development|Win64.Build.0 = Development|x64
		{D289189E-F2C9-4176-B793-03478149D0EA}.Shipping|HTML5.ActiveCfg = HTML5_Shipping|Win32
		{D289189E-F2C9-4176-B793-03478149D0EA}.Shipping|HTML5.Build.0 = HTML5_Shipping|Win32
		{D289189E-F2C9-4176-B793-03478149D0EA}.Shipping|Win32.ActiveCfg = Shipping|Win32
		{D289189E-F2C9-4176-B793-03478149D0EA}.Shipping|Win32.Build.0 = Shipping|Win32
		{D289189E-F2C9-4176-B793-03478149D0EA}.Shipping|Win64.ActiveCfg = Shipping|x64
		{D289189E-F2C9-4176-B793-03478149D0EA}.Shipping|Win64.Build.0 = Shipping|x64
	EndGlobalSection
	GlobalSection(SolutionProperties) = preSolution
		HideSolutionNode = FALSE
	EndGlobalSection
	GlobalSection(NestedProjects) = preSolution
		{9C43E262-3F7D-45D6-A5AD-69870B0728ED} = {9C7983BC-B6CF-4CD1-9DB1-F3B4ED77DE65}
		{D289189E-F2C9-4176-B793-03478149D0EA} = {B8C61C31-EF5D-43EF-BBD3-3DBA254D8605}
	EndGlobalSection
EndGlobal
